{
  "object": {
    "pins": [
      {
        "package": "Segment",
        "repositoryURL": "https://github.com/segmentio/analytics-ios.git",
        "state": {
          "branch": null,
          "revision": "fc64997865619f73bbab196c164f7845a13da110",
          "version": "4.1.6"
        }
      },
      {
        "package": "Firebase",
        "repositoryURL": "https://github.com/reveri-health/firebase-ios-sdk-xcframeworks.git",
        "state": {
          "branch": null,
          "revision": "421cdd268c88ab2fd579a05ecf904e5ee107b83b",
          "version": "8.10.0"
        }
      }
    ]
  },
  "version": 1
}
